
Microsoft Visual Studio Solution File, Format Version 12.00
# Visual Studio 15
VisualStudioVersion = 15.0.28307.902
MinimumVisualStudioVersion = 10.0.40219.1
Project("{FAE04EC0-301F-11D3-BF4B-00C04F79EFBC}") = "API", "API\API.csproj", "{9DB3CB1B-ECD1-4622-8318-C6512E192162}"
EndProject
Global
	GlobalSection(SolutionConfigurationPlatforms) = preSolution
		Debug|Any CPU = Debug|Any CPU
		Release|Any CPU = Release|Any CPU
	EndGlobalSection
	GlobalSection(ProjectConfigurationPlatforms) = postSolution
		{9DB3CB1B-ECD1-4622-8318-C6512E192162}.Debug|Any CPU.ActiveCfg = Debug|Any CPU
		{9DB3CB1B-ECD1-4622-8318-C6512E192162}.Debug|Any CPU.Build.0 = Debug|Any CPU
		{9DB3CB1B-ECD1-4622-8318-C6512E192162}.Release|Any CPU.ActiveCfg = Release|Any CPU
		{9DB3CB1B-ECD1-4622-8318-C6512E192162}.Release|Any CPU.Build.0 = Release|Any CPU
	EndGlobalSection
	GlobalSection(SolutionProperties) = preSolution
		HideSolutionNode = FALSE
	EndGlobalSection
	GlobalSection(ExtensibilityGlobals) = postSolution
		SolutionGuid = {3AA17567-BEC4-40CE-B67A-3C36DF3CDA74}
	EndGlobalSection
EndGlobal
